<?xml version="1.0" encoding="utf-8"?>
<Project ToolsVersion="4.0" xmlns="http://schemas.microsoft.com/developer/msbuild/2003">
  <ItemGroup>
    <ClCompile Include="..\..\SRC\Asteroid.cpp" />
    <ClCompile Include="..\..\src\Asteroids.cpp" />
    <ClCompile Include="..\..\src\Bullet.cpp" />
    <ClCompile Include="..\..\SRC\Explosion.cpp" />
    <ClCompile Include="..\..\src\main.cpp" />
    <ClCompile Include="..\..\src\Spaceship.cpp" />
  </ItemGroup>
  <ItemGroup>
    <ClInclude Include="..\..\SRC\Asteroid.h" />
    <ClInclude Include="..\..\src\Asteroids.h" />
    <ClInclude Include="..\..\src\Bullet.h" />
    <ClInclude Include="..\..\SRC\Explosion.h" />
    <ClInclude Include="..\..\SRC\IPlayerListener.h" />
    <ClInclude Include="..\..\SRC\IScoreListener.h" />
    <ClInclude Include="..\..\SRC\Player.h" />
    <ClInclude Include="..\..\SRC\ScoreKeeper.h" />
    <ClInclude Include="..\..\src\Spaceship.h" />
  </ItemGroup>
</Project>